
Microsoft Visual Studio Solution File, Format Version 12.00
# Visual Studio Version 17
VisualStudioVersion = 17.9.34902.65
MinimumVisualStudioVersion = 10.0.40219.1
Project("{9A19103F-16F7-4668-BE54-9A1E7A4F7556}") = "SampleWebApp", "SampleWebApp.csproj", "{AB259F06-3AF6-4E91-AD7E-CAFE620BD423}"
EndProject
Global
	GlobalSection(SolutionConfigurationPlatforms) = preSolution
		Debug|Any CPU = Debug|Any CPU
		Release|Any CPU = Release|Any CPU
	EndGlobalSection
	GlobalSection(ProjectConfigurationPlatforms) = postSolution
		{AB259F06-3AF6-4E91-AD7E-CAFE620BD423}.Debug|Any CPU.ActiveCfg = Debug|Any CPU
		{AB259F06-3AF6-4E91-AD7E-CAFE620BD423}.Debug|Any CPU.Build.0 = Debug|Any CPU
		{AB259F06-3AF6-4E91-AD7E-CAFE620BD423}.Release|Any CPU.ActiveCfg = Release|Any CPU
		{AB259F06-3AF6-4E91-AD7E-CAFE620BD423}.Release|Any CPU.Build.0 = Release|Any CPU
	EndGlobalSection
	GlobalSection(SolutionProperties) = preSolution
		HideSolutionNode = FALSE
	EndGlobalSection
	GlobalSection(ExtensibilityGlobals) = postSolution
		SolutionGuid = {B222FD8A-487F-401D-9969-67EF7EA67322}
	EndGlobalSection
EndGlobal
